
Microsoft Visual Studio Solution File, Format Version 12.00
# Visual Studio 15
VisualStudioVersion = 15.0.27428.2002
MinimumVisualStudioVersion = 10.0.40219.1
Project("{FAE04EC0-301F-11D3-BF4B-00C04F79EFBC}") = "Milestone4", "Milestone4\Milestone4.csproj", "{4D20B1E0-E81B-4980-A0FA-420AB2C8562F}"
EndProject
Global
	GlobalSection(SolutionConfigurationPlatforms) = preSolution
		Debug|Any CPU = Debug|Any CPU
		Release|Any CPU = Release|Any CPU
	EndGlobalSection
	GlobalSection(ProjectConfigurationPlatforms) = postSolution
		{4D20B1E0-E81B-4980-A0FA-420AB2C8562F}.Debug|Any CPU.ActiveCfg = Debug|Any CPU
		{4D20B1E0-E81B-4980-A0FA-420AB2C8562F}.Debug|Any CPU.Build.0 = Debug|Any CPU
		{4D20B1E0-E81B-4980-A0FA-420AB2C8562F}.Release|Any CPU.ActiveCfg = Release|Any CPU
		{4D20B1E0-E81B-4980-A0FA-420AB2C8562F}.Release|Any CPU.Build.0 = Release|Any CPU
	EndGlobalSection
	GlobalSection(SolutionProperties) = preSolution
		HideSolutionNode = FALSE
	EndGlobalSection
	GlobalSection(ExtensibilityGlobals) = postSolution
		SolutionGuid = {2ACB06E9-0BEE-4FB3-BFB6-A92B2577A32D}
	EndGlobalSection
EndGlobal
